{
  "nodes": {
    "nixpkgs": {
      "locked": {
        "lastModified": 1643852787,
        "narHash": "sha256-RHrvroV61jcfTXfW0Rwc0qu/8lHmfYxSy49adyXkB0I=",
        "owner": "nixos",
        "repo": "nixpkgs",
        "rev": "76e3df7c0687d5b9ff31431fd4ee4d4cd07a4b2f",
        "type": "github"
      },
      "original": {
        "owner": "nixos",
        "ref": "nixos-unstable",
        "repo": "nixpkgs",
        "type": "github"
      }
    },
    "root": {
      "inputs": {
        "nixpkgs": "nixpkgs"
      }
    }
  },
  "root": "root",
  "version": 7
}
