{
  "nodes": {
    "nixpkgs": {
      "locked": {
        "lastModified": 1640887906,
        "narHash": "sha256-Eupk1UlNicCD2UNZuEKt6yhE6kFWAxXM/HyziOjG9CA=",
        "owner": "nixos",
        "repo": "nixpkgs",
        "rev": "8a053bc2255659c5ca52706b9e12e76a8f50dbdd",
        "type": "github"
      },
      "original": {
        "owner": "nixos",
        "ref": "nixos-21.11",
        "repo": "nixpkgs",
        "type": "github"
      }
    },
    "root": {
      "inputs": {
        "nixpkgs": "nixpkgs"
      }
    }
  },
  "root": "root",
  "version": 7
}
